
Microsoft Visual Studio Solution File, Format Version 12.00
# Visual Studio Version 17
VisualStudioVersion = 17.1.32228.430
MinimumVisualStudioVersion = 10.0.40219.1
Project("{FAE04EC0-301F-11D3-BF4B-00C04F79EFBC}") = "APIandJSON", "APIandJSON\APIandJSON.csproj", "{74B31A49-F690-478B-84F2-493C91072442}"
EndProject
Global
	GlobalSection(SolutionConfigurationPlatforms) = preSolution
		Debug|Any CPU = Debug|Any CPU
		Release|Any CPU = Release|Any CPU
	EndGlobalSection
	GlobalSection(ProjectConfigurationPlatforms) = postSolution
		{74B31A49-F690-478B-84F2-493C91072442}.Debug|Any CPU.ActiveCfg = Debug|Any CPU
		{74B31A49-F690-478B-84F2-493C91072442}.Debug|Any CPU.Build.0 = Debug|Any CPU
		{74B31A49-F690-478B-84F2-493C91072442}.Release|Any CPU.ActiveCfg = Release|Any CPU
		{74B31A49-F690-478B-84F2-493C91072442}.Release|Any CPU.Build.0 = Release|Any CPU
	EndGlobalSection
	GlobalSection(SolutionProperties) = preSolution
		HideSolutionNode = FALSE
	EndGlobalSection
	GlobalSection(ExtensibilityGlobals) = postSolution
		SolutionGuid = {E71AB22E-6563-4021-9B17-86AA5DE04898}
	EndGlobalSection
EndGlobal
